
Microsoft Visual Studio Solution File, Format Version 12.00
# Visual Studio Version 17
VisualStudioVersion = 17.13.35919.96 d17.13
MinimumVisualStudioVersion = 10.0.40219.1
Project("{FAE04EC0-301F-11D3-BF4B-00C04F79EFBC}") = "ApiPermissionBasedAuthorization", "ApiPermissionBasedAuthorization\ApiPermissionBasedAuthorization.csproj", "{256B923A-BBE2-4C0F-899E-269ABB1D628C}"
EndProject
Global
	GlobalSection(SolutionConfigurationPlatforms) = preSolution
		Debug|Any CPU = Debug|Any CPU
		Release|Any CPU = Release|Any CPU
	EndGlobalSection
	GlobalSection(ProjectConfigurationPlatforms) = postSolution
		{256B923A-BBE2-4C0F-899E-269ABB1D628C}.Debug|Any CPU.ActiveCfg = Debug|Any CPU
		{256B923A-BBE2-4C0F-899E-269ABB1D628C}.Debug|Any CPU.Build.0 = Debug|Any CPU
		{256B923A-BBE2-4C0F-899E-269ABB1D628C}.Release|Any CPU.ActiveCfg = Release|Any CPU
		{256B923A-BBE2-4C0F-899E-269ABB1D628C}.Release|Any CPU.Build.0 = Release|Any CPU
	EndGlobalSection
	GlobalSection(SolutionProperties) = preSolution
		HideSolutionNode = FALSE
	EndGlobalSection
	GlobalSection(ExtensibilityGlobals) = postSolution
		SolutionGuid = {53A05DA5-C600-49BF-8B7F-17DBD03952EB}
	EndGlobalSection
EndGlobal
